
Microsoft Visual Studio Solution File, Format Version 12.00
# Visual Studio 2013
VisualStudioVersion = 12.0.30110.0
MinimumVisualStudioVersion = 10.0.40219.1
Project("{FAE04EC0-301F-11D3-BF4B-00C04F79EFBC}") = "NRedisApi", "NRedisApi\NRedisApi.csproj", "{AC9EFBD4-E709-4845-8347-E980D2F498E4}"
EndProject
Project("{FAE04EC0-301F-11D3-BF4B-00C04F79EFBC}") = "NRedisApi.Test", "NRedisApi.Test\NRedisApi.Test.csproj", "{DD4419AB-6479-43DE-B2F4-36571A2863FC}"
EndProject
Global
	GlobalSection(SolutionConfigurationPlatforms) = preSolution
		Debug|Any CPU = Debug|Any CPU
		Release|Any CPU = Release|Any CPU
	EndGlobalSection
	GlobalSection(ProjectConfigurationPlatforms) = postSolution
		{AC9EFBD4-E709-4845-8347-E980D2F498E4}.Debug|Any CPU.ActiveCfg = Debug|Any CPU
		{AC9EFBD4-E709-4845-8347-E980D2F498E4}.Debug|Any CPU.Build.0 = Debug|Any CPU
		{AC9EFBD4-E709-4845-8347-E980D2F498E4}.Release|Any CPU.ActiveCfg = Release|Any CPU
		{AC9EFBD4-E709-4845-8347-E980D2F498E4}.Release|Any CPU.Build.0 = Release|Any CPU
		{DD4419AB-6479-43DE-B2F4-36571A2863FC}.Debug|Any CPU.ActiveCfg = Debug|Any CPU
		{DD4419AB-6479-43DE-B2F4-36571A2863FC}.Debug|Any CPU.Build.0 = Debug|Any CPU
		{DD4419AB-6479-43DE-B2F4-36571A2863FC}.Release|Any CPU.ActiveCfg = Release|Any CPU
		{DD4419AB-6479-43DE-B2F4-36571A2863FC}.Release|Any CPU.Build.0 = Release|Any CPU
	EndGlobalSection
	GlobalSection(SolutionProperties) = preSolution
		HideSolutionNode = FALSE
	EndGlobalSection
EndGlobal
